
Microsoft Visual Studio Solution File, Format Version 12.00
# Visual Studio Version 17
VisualStudioVersion = 17.10.35027.167
MinimumVisualStudioVersion = 10.0.40219.1
Project("{FAE04EC0-301F-11D3-BF4B-00C04F79EFBC}") = "testweb2", "testweb2\testweb2.csproj", "{4966A24E-71D8-422F-9343-FA3781BA6C55}"
EndProject
Global
	GlobalSection(SolutionConfigurationPlatforms) = preSolution
		Debug|Any CPU = Debug|Any CPU
		Release|Any CPU = Release|Any CPU
	EndGlobalSection
	GlobalSection(ProjectConfigurationPlatforms) = postSolution
		{4966A24E-71D8-422F-9343-FA3781BA6C55}.Debug|Any CPU.ActiveCfg = Debug|Any CPU
		{4966A24E-71D8-422F-9343-FA3781BA6C55}.Debug|Any CPU.Build.0 = Debug|Any CPU
		{4966A24E-71D8-422F-9343-FA3781BA6C55}.Release|Any CPU.ActiveCfg = Release|Any CPU
		{4966A24E-71D8-422F-9343-FA3781BA6C55}.Release|Any CPU.Build.0 = Release|Any CPU
	EndGlobalSection
	GlobalSection(SolutionProperties) = preSolution
		HideSolutionNode = FALSE
	EndGlobalSection
	GlobalSection(ExtensibilityGlobals) = postSolution
		SolutionGuid = {4F9121D6-0543-408F-A551-F67A358E5202}
	EndGlobalSection
EndGlobal
